
Microsoft Visual Studio Solution File, Format Version 12.00
# Visual Studio Version 17
VisualStudioVersion = 17.8.34408.163
MinimumVisualStudioVersion = 10.0.40219.1
Project("{FAE04EC0-301F-11D3-BF4B-00C04F79EFBC}") = "02ShapeCalculator", "Lab01\02ShapeCalculator.csproj", "{D8E0043C-AFDE-4D68-98FC-CF5D0C51B2A6}"
EndProject
Project("{FAE04EC0-301F-11D3-BF4B-00C04F79EFBC}") = "03CelsiusToFarenheit", "02\03CelsiusToFarenheit.csproj", "{753DE589-CDE7-47E2-AB32-21CD378821F6}"
EndProject
Project("{FAE04EC0-301F-11D3-BF4B-00C04F79EFBC}") = "04SpeedConverter", "04SpeedConverter\04SpeedConverter.csproj", "{F3A86703-F70A-4CC5-83C6-C38801D41610}"
EndProject
Global
	GlobalSection(SolutionConfigurationPlatforms) = preSolution
		Debug|Any CPU = Debug|Any CPU
		Release|Any CPU = Release|Any CPU
	EndGlobalSection
	GlobalSection(ProjectConfigurationPlatforms) = postSolution
		{D8E0043C-AFDE-4D68-98FC-CF5D0C51B2A6}.Debug|Any CPU.ActiveCfg = Debug|Any CPU
		{D8E0043C-AFDE-4D68-98FC-CF5D0C51B2A6}.Debug|Any CPU.Build.0 = Debug|Any CPU
		{D8E0043C-AFDE-4D68-98FC-CF5D0C51B2A6}.Release|Any CPU.ActiveCfg = Release|Any CPU
		{D8E0043C-AFDE-4D68-98FC-CF5D0C51B2A6}.Release|Any CPU.Build.0 = Release|Any CPU
		{753DE589-CDE7-47E2-AB32-21CD378821F6}.Debug|Any CPU.ActiveCfg = Debug|Any CPU
		{753DE589-CDE7-47E2-AB32-21CD378821F6}.Debug|Any CPU.Build.0 = Debug|Any CPU
		{753DE589-CDE7-47E2-AB32-21CD378821F6}.Release|Any CPU.ActiveCfg = Release|Any CPU
		{753DE589-CDE7-47E2-AB32-21CD378821F6}.Release|Any CPU.Build.0 = Release|Any CPU
		{F3A86703-F70A-4CC5-83C6-C38801D41610}.Debug|Any CPU.ActiveCfg = Debug|Any CPU
		{F3A86703-F70A-4CC5-83C6-C38801D41610}.Debug|Any CPU.Build.0 = Debug|Any CPU
		{F3A86703-F70A-4CC5-83C6-C38801D41610}.Release|Any CPU.ActiveCfg = Release|Any CPU
		{F3A86703-F70A-4CC5-83C6-C38801D41610}.Release|Any CPU.Build.0 = Release|Any CPU
	EndGlobalSection
	GlobalSection(SolutionProperties) = preSolution
		HideSolutionNode = FALSE
	EndGlobalSection
	GlobalSection(ExtensibilityGlobals) = postSolution
		SolutionGuid = {26C61C1D-7B72-40DA-9EF4-67778EB466BF}
	EndGlobalSection
EndGlobal
