
Microsoft Visual Studio Solution File, Format Version 12.00
# Visual Studio Version 17
VisualStudioVersion = 17.8.34408.163
MinimumVisualStudioVersion = 10.0.40219.1
Project("{8BC9CEB8-8B4A-11D0-8D11-00A0C91BC942}") = "FirstStepsInCoding", "FirstStepsInCoding\FirstStepsInCoding.vcxproj", "{CDF510EA-DC76-45BB-94C2-A742A3AA82CB}"
EndProject
Project("{8BC9CEB8-8B4A-11D0-8D11-00A0C91BC942}") = "EurosToBgn", "EurosToBgn\EurosToBgn.vcxproj", "{4D319695-294B-47C9-BEF4-7625CEF6B6FA}"
EndProject
Project("{8BC9CEB8-8B4A-11D0-8D11-00A0C91BC942}") = "Perimeter", "Perimeter\Perimeter.vcxproj", "{E7C8686F-429A-49D6-B12C-D061E36AC25E}"
EndProject
Project("{8BC9CEB8-8B4A-11D0-8D11-00A0C91BC942}") = "Areas", "Areas\Areas.vcxproj", "{8FC00ADF-387F-48FD-9C0E-0D72287547DC}"
EndProject
Project("{8BC9CEB8-8B4A-11D0-8D11-00A0C91BC942}") = "Exercise5a", "Exercise 4\Exercise 4.vcxproj", "{1EDAAA4A-A8AE-4C09-AB69-A217CDF08964}"
EndProject
Project("{8BC9CEB8-8B4A-11D0-8D11-00A0C91BC942}") = "4VolumeArea", "4CircleArea\4CircleArea.vcxproj", "{8915111C-3915-43DE-9BB7-2294271DFDDF}"
EndProject
Project("{8BC9CEB8-8B4A-11D0-8D11-00A0C91BC942}") = "4.1CircleArea", "4.CircleArea\4.CircleArea.vcxproj", "{6622D621-7BB4-4433-AA26-EA3FC8E959F5}"
EndProject
Project("{8BC9CEB8-8B4A-11D0-8D11-00A0C91BC942}") = "4.2RectangleArea", "4.2RectangleArea\4.2RectangleArea.vcxproj", "{4AAD723E-766F-45CC-8A07-8C73F30B0AF5}"
EndProject
Project("{8BC9CEB8-8B4A-11D0-8D11-00A0C91BC942}") = "4.3SquareArea", "4.3SquareArea\4.3SquareArea.vcxproj", "{3AE51F12-3B2D-4E4C-B1A7-5583429DBB19}"
EndProject
Project("{8BC9CEB8-8B4A-11D0-8D11-00A0C91BC942}") = "4.5TrapezoidArea", "4.4TrapezoidArea\4.4TrapezoidArea.vcxproj", "{5F0602C2-B013-4A08-9693-727A8B38D4DF}"
EndProject
Project("{8BC9CEB8-8B4A-11D0-8D11-00A0C91BC942}") = "4.4TriangleArea", "4.4TriangleArea\4.4TriangleArea.vcxproj", "{EB45949E-3043-4A1E-8D76-6EBF6C7FEA0A}"
EndProject
Project("{8BC9CEB8-8B4A-11D0-8D11-00A0C91BC942}") = "4.6ParallelogramArea", "4.6ParallelogramArea\4.6ParallelogramArea.vcxproj", "{22865540-EEBB-422E-BE49-4670225D8BF4}"
EndProject
Project("{8BC9CEB8-8B4A-11D0-8D11-00A0C91BC942}") = "Exercise5b", "Exercise5b\Exercise5b.vcxproj", "{7CDA9331-AB67-4FEA-B54F-02AF5BD780CA}"
EndProject
Project("{8BC9CEB8-8B4A-11D0-8D11-00A0C91BC942}") = "Exercise5.1", "Exercise5\Exercise5.vcxproj", "{38644AA1-20A2-40E7-AB2F-E276DB531542}"
EndProject
Project("{8BC9CEB8-8B4A-11D0-8D11-00A0C91BC942}") = "Exercise5.2", "Exercise5.2\Exercise5.2.vcxproj", "{81EB42C2-8315-4864-9534-1A0B567CA586}"
EndProject
Project("{8BC9CEB8-8B4A-11D0-8D11-00A0C91BC942}") = "Exercise5.3", "Exercise5.3\Exercise5.3.vcxproj", "{2586FF21-4D25-4ACC-9968-909D6687DBED}"
EndProject
Project("{8BC9CEB8-8B4A-11D0-8D11-00A0C91BC942}") = "Exercise5.4", "Exercise5.4\Exercise5.4.vcxproj", "{6F391F47-6D72-462F-AB82-B76091B6DE4C}"
EndProject
Project("{8BC9CEB8-8B4A-11D0-8D11-00A0C91BC942}") = "x_y_", "x_y_\x_y_.vcxproj", "{3B7129C5-AB50-47EA-AD70-C5DA145ECBD3}"
EndProject
Project("{8BC9CEB8-8B4A-11D0-8D11-00A0C91BC942}") = "5.ZooShop", "5.ZooShop\5.ZooShop.vcxproj", "{E857234F-A317-46EA-BF2F-FA02C04AA3B9}"
EndProject
Project("{8BC9CEB8-8B4A-11D0-8D11-00A0C91BC942}") = "06FarenheitToCelsius", "06FarenheitToCelsius\06FarenheitToCelsius.vcxproj", "{4FFCE95D-3CC3-4801-9F01-2002DBF89841}"
EndProject
Project("{8BC9CEB8-8B4A-11D0-8D11-00A0C91BC942}") = "07.VegetableShop", "07.VegetableShop\07.VegetableShop.vcxproj", "{F8F42A01-3EB8-496B-AF25-1584F7472891}"
EndProject
Project("{8BC9CEB8-8B4A-11D0-8D11-00A0C91BC942}") = "08.Circus", "08.Circus\08.Circus.vcxproj", "{EBD7B40E-A8FB-4F7D-9E22-DCC47B686C28}"
EndProject
Global
	GlobalSection(SolutionConfigurationPlatforms) = preSolution
		Debug|x64 = Debug|x64
		Debug|x86 = Debug|x86
		Release|x64 = Release|x64
		Release|x86 = Release|x86
	EndGlobalSection
	GlobalSection(ProjectConfigurationPlatforms) = postSolution
		{CDF510EA-DC76-45BB-94C2-A742A3AA82CB}.Debug|x64.ActiveCfg = Debug|x64
		{CDF510EA-DC76-45BB-94C2-A742A3AA82CB}.Debug|x64.Build.0 = Debug|x64
		{CDF510EA-DC76-45BB-94C2-A742A3AA82CB}.Debug|x86.ActiveCfg = Debug|Win32
		{CDF510EA-DC76-45BB-94C2-A742A3AA82CB}.Debug|x86.Build.0 = Debug|Win32
		{CDF510EA-DC76-45BB-94C2-A742A3AA82CB}.Release|x64.ActiveCfg = Release|x64
		{CDF510EA-DC76-45BB-94C2-A742A3AA82CB}.Release|x64.Build.0 = Release|x64
		{CDF510EA-DC76-45BB-94C2-A742A3AA82CB}.Release|x86.ActiveCfg = Release|Win32
		{CDF510EA-DC76-45BB-94C2-A742A3AA82CB}.Release|x86.Build.0 = Release|Win32
		{4D319695-294B-47C9-BEF4-7625CEF6B6FA}.Debug|x64.ActiveCfg = Debug|x64
		{4D319695-294B-47C9-BEF4-7625CEF6B6FA}.Debug|x64.Build.0 = Debug|x64
		{4D319695-294B-47C9-BEF4-7625CEF6B6FA}.Debug|x86.ActiveCfg = Debug|Win32
		{4D319695-294B-47C9-BEF4-7625CEF6B6FA}.Debug|x86.Build.0 = Debug|Win32
		{4D319695-294B-47C9-BEF4-7625CEF6B6FA}.Release|x64.ActiveCfg = Release|x64
		{4D319695-294B-47C9-BEF4-7625CEF6B6FA}.Release|x64.Build.0 = Release|x64
		{4D319695-294B-47C9-BEF4-7625CEF6B6FA}.Release|x86.ActiveCfg = Release|Win32
		{4D319695-294B-47C9-BEF4-7625CEF6B6FA}.Release|x86.Build.0 = Release|Win32
		{E7C8686F-429A-49D6-B12C-D061E36AC25E}.Debug|x64.ActiveCfg = Debug|x64
		{E7C8686F-429A-49D6-B12C-D061E36AC25E}.Debug|x64.Build.0 = Debug|x64
		{E7C8686F-429A-49D6-B12C-D061E36AC25E}.Debug|x86.ActiveCfg = Debug|Win32
		{E7C8686F-429A-49D6-B12C-D061E36AC25E}.Debug|x86.Build.0 = Debug|Win32
		{E7C8686F-429A-49D6-B12C-D061E36AC25E}.Release|x64.ActiveCfg = Release|x64
		{E7C8686F-429A-49D6-B12C-D061E36AC25E}.Release|x64.Build.0 = Release|x64
		{E7C8686F-429A-49D6-B12C-D061E36AC25E}.Release|x86.ActiveCfg = Release|Win32
		{E7C8686F-429A-49D6-B12C-D061E36AC25E}.Release|x86.Build.0 = Release|Win32
		{8FC00ADF-387F-48FD-9C0E-0D72287547DC}.Debug|x64.ActiveCfg = Debug|x64
		{8FC00ADF-387F-48FD-9C0E-0D72287547DC}.Debug|x64.Build.0 = Debug|x64
		{8FC00ADF-387F-48FD-9C0E-0D72287547DC}.Debug|x86.ActiveCfg = Debug|Win32
		{8FC00ADF-387F-48FD-9C0E-0D72287547DC}.Debug|x86.Build.0 = Debug|Win32
		{8FC00ADF-387F-48FD-9C0E-0D72287547DC}.Release|x64.ActiveCfg = Release|x64
		{8FC00ADF-387F-48FD-9C0E-0D72287547DC}.Release|x64.Build.0 = Release|x64
		{8FC00ADF-387F-48FD-9C0E-0D72287547DC}.Release|x86.ActiveCfg = Release|Win32
		{8FC00ADF-387F-48FD-9C0E-0D72287547DC}.Release|x86.Build.0 = Release|Win32
		{1EDAAA4A-A8AE-4C09-AB69-A217CDF08964}.Debug|x64.ActiveCfg = Debug|x64
		{1EDAAA4A-A8AE-4C09-AB69-A217CDF08964}.Debug|x64.Build.0 = Debug|x64
		{1EDAAA4A-A8AE-4C09-AB69-A217CDF08964}.Debug|x86.ActiveCfg = Debug|Win32
		{1EDAAA4A-A8AE-4C09-AB69-A217CDF08964}.Debug|x86.Build.0 = Debug|Win32
		{1EDAAA4A-A8AE-4C09-AB69-A217CDF08964}.Release|x64.ActiveCfg = Release|x64
		{1EDAAA4A-A8AE-4C09-AB69-A217CDF08964}.Release|x64.Build.0 = Release|x64
		{1EDAAA4A-A8AE-4C09-AB69-A217CDF08964}.Release|x86.ActiveCfg = Release|Win32
		{1EDAAA4A-A8AE-4C09-AB69-A217CDF08964}.Release|x86.Build.0 = Release|Win32
		{8915111C-3915-43DE-9BB7-2294271DFDDF}.Debug|x64.ActiveCfg = Debug|x64
		{8915111C-3915-43DE-9BB7-2294271DFDDF}.Debug|x64.Build.0 = Debug|x64
		{8915111C-3915-43DE-9BB7-2294271DFDDF}.Debug|x86.ActiveCfg = Debug|Win32
		{8915111C-3915-43DE-9BB7-2294271DFDDF}.Debug|x86.Build.0 = Debug|Win32
		{8915111C-3915-43DE-9BB7-2294271DFDDF}.Release|x64.ActiveCfg = Release|x64
		{8915111C-3915-43DE-9BB7-2294271DFDDF}.Release|x64.Build.0 = Release|x64
		{8915111C-3915-43DE-9BB7-2294271DFDDF}.Release|x86.ActiveCfg = Release|Win32
		{8915111C-3915-43DE-9BB7-2294271DFDDF}.Release|x86.Build.0 = Release|Win32
		{6622D621-7BB4-4433-AA26-EA3FC8E959F5}.Debug|x64.ActiveCfg = Debug|x64
		{6622D621-7BB4-4433-AA26-EA3FC8E959F5}.Debug|x64.Build.0 = Debug|x64
		{6622D621-7BB4-4433-AA26-EA3FC8E959F5}.Debug|x86.ActiveCfg = Debug|Win32
		{6622D621-7BB4-4433-AA26-EA3FC8E959F5}.Debug|x86.Build.0 = Debug|Win32
		{6622D621-7BB4-4433-AA26-EA3FC8E959F5}.Release|x64.ActiveCfg = Release|x64
		{6622D621-7BB4-4433-AA26-EA3FC8E959F5}.Release|x64.Build.0 = Release|x64
		{6622D621-7BB4-4433-AA26-EA3FC8E959F5}.Release|x86.ActiveCfg = Release|Win32
		{6622D621-7BB4-4433-AA26-EA3FC8E959F5}.Release|x86.Build.0 = Release|Win32
		{4AAD723E-766F-45CC-8A07-8C73F30B0AF5}.Debug|x64.ActiveCfg = Debug|x64
		{4AAD723E-766F-45CC-8A07-8C73F30B0AF5}.Debug|x64.Build.0 = Debug|x64
		{4AAD723E-766F-45CC-8A07-8C73F30B0AF5}.Debug|x86.ActiveCfg = Debug|Win32
		{4AAD723E-766F-45CC-8A07-8C73F30B0AF5}.Debug|x86.Build.0 = Debug|Win32
		{4AAD723E-766F-45CC-8A07-8C73F30B0AF5}.Release|x64.ActiveCfg = Release|x64
		{4AAD723E-766F-45CC-8A07-8C73F30B0AF5}.Release|x64.Build.0 = Release|x64
		{4AAD723E-766F-45CC-8A07-8C73F30B0AF5}.Release|x86.ActiveCfg = Release|Win32
		{4AAD723E-766F-45CC-8A07-8C73F30B0AF5}.Release|x86.Build.0 = Release|Win32
		{3AE51F12-3B2D-4E4C-B1A7-5583429DBB19}.Debug|x64.ActiveCfg = Debug|x64
		{3AE51F12-3B2D-4E4C-B1A7-5583429DBB19}.Debug|x64.Build.0 = Debug|x64
		{3AE51F12-3B2D-4E4C-B1A7-5583429DBB19}.Debug|x86.ActiveCfg = Debug|Win32
		{3AE51F12-3B2D-4E4C-B1A7-5583429DBB19}.Debug|x86.Build.0 = Debug|Win32
		{3AE51F12-3B2D-4E4C-B1A7-5583429DBB19}.Release|x64.ActiveCfg = Release|x64
		{3AE51F12-3B2D-4E4C-B1A7-5583429DBB19}.Release|x64.Build.0 = Release|x64
		{3AE51F12-3B2D-4E4C-B1A7-5583429DBB19}.Release|x86.ActiveCfg = Release|Win32
		{3AE51F12-3B2D-4E4C-B1A7-5583429DBB19}.Release|x86.Build.0 = Release|Win32
		{5F0602C2-B013-4A08-9693-727A8B38D4DF}.Debug|x64.ActiveCfg = Debug|x64
		{5F0602C2-B013-4A08-9693-727A8B38D4DF}.Debug|x64.Build.0 = Debug|x64
		{5F0602C2-B013-4A08-9693-727A8B38D4DF}.Debug|x86.ActiveCfg = Debug|Win32
		{5F0602C2-B013-4A08-9693-727A8B38D4DF}.Debug|x86.Build.0 = Debug|Win32
		{5F0602C2-B013-4A08-9693-727A8B38D4DF}.Release|x64.ActiveCfg = Release|x64
		{5F0602C2-B013-4A08-9693-727A8B38D4DF}.Release|x64.Build.0 = Release|x64
		{5F0602C2-B013-4A08-9693-727A8B38D4DF}.Release|x86.ActiveCfg = Release|Win32
		{5F0602C2-B013-4A08-9693-727A8B38D4DF}.Release|x86.Build.0 = Release|Win32
		{EB45949E-3043-4A1E-8D76-6EBF6C7FEA0A}.Debug|x64.ActiveCfg = Debug|x64
		{EB45949E-3043-4A1E-8D76-6EBF6C7FEA0A}.Debug|x64.Build.0 = Debug|x64
		{EB45949E-3043-4A1E-8D76-6EBF6C7FEA0A}.Debug|x86.ActiveCfg = Debug|Win32
		{EB45949E-3043-4A1E-8D76-6EBF6C7FEA0A}.Debug|x86.Build.0 = Debug|Win32
		{EB45949E-3043-4A1E-8D76-6EBF6C7FEA0A}.Release|x64.ActiveCfg = Release|x64
		{EB45949E-3043-4A1E-8D76-6EBF6C7FEA0A}.Release|x64.Build.0 = Release|x64
		{EB45949E-3043-4A1E-8D76-6EBF6C7FEA0A}.Release|x86.ActiveCfg = Release|Win32
		{EB45949E-3043-4A1E-8D76-6EBF6C7FEA0A}.Release|x86.Build.0 = Release|Win32
		{22865540-EEBB-422E-BE49-4670225D8BF4}.Debug|x64.ActiveCfg = Debug|x64
		{22865540-EEBB-422E-BE49-4670225D8BF4}.Debug|x64.Build.0 = Debug|x64
		{22865540-EEBB-422E-BE49-4670225D8BF4}.Debug|x86.ActiveCfg = Debug|Win32
		{22865540-EEBB-422E-BE49-4670225D8BF4}.Debug|x86.Build.0 = Debug|Win32
		{22865540-EEBB-422E-BE49-4670225D8BF4}.Release|x64.ActiveCfg = Release|x64
		{22865540-EEBB-422E-BE49-4670225D8BF4}.Release|x64.Build.0 = Release|x64
		{22865540-EEBB-422E-BE49-4670225D8BF4}.Release|x86.ActiveCfg = Release|Win32
		{22865540-EEBB-422E-BE49-4670225D8BF4}.Release|x86.Build.0 = Release|Win32
		{7CDA9331-AB67-4FEA-B54F-02AF5BD780CA}.Debug|x64.ActiveCfg = Debug|x64
		{7CDA9331-AB67-4FEA-B54F-02AF5BD780CA}.Debug|x64.Build.0 = Debug|x64
		{7CDA9331-AB67-4FEA-B54F-02AF5BD780CA}.Debug|x86.ActiveCfg = Debug|Win32
		{7CDA9331-AB67-4FEA-B54F-02AF5BD780CA}.Debug|x86.Build.0 = Debug|Win32
		{7CDA9331-AB67-4FEA-B54F-02AF5BD780CA}.Release|x64.ActiveCfg = Release|x64
		{7CDA9331-AB67-4FEA-B54F-02AF5BD780CA}.Release|x64.Build.0 = Release|x64
		{7CDA9331-AB67-4FEA-B54F-02AF5BD780CA}.Release|x86.ActiveCfg = Release|Win32
		{7CDA9331-AB67-4FEA-B54F-02AF5BD780CA}.Release|x86.Build.0 = Release|Win32
		{38644AA1-20A2-40E7-AB2F-E276DB531542}.Debug|x64.ActiveCfg = Debug|x64
		{38644AA1-20A2-40E7-AB2F-E276DB531542}.Debug|x64.Build.0 = Debug|x64
		{38644AA1-20A2-40E7-AB2F-E276DB531542}.Debug|x86.ActiveCfg = Debug|Win32
		{38644AA1-20A2-40E7-AB2F-E276DB531542}.Debug|x86.Build.0 = Debug|Win32
		{38644AA1-20A2-40E7-AB2F-E276DB531542}.Release|x64.ActiveCfg = Release|x64
		{38644AA1-20A2-40E7-AB2F-E276DB531542}.Release|x64.Build.0 = Release|x64
		{38644AA1-20A2-40E7-AB2F-E276DB531542}.Release|x86.ActiveCfg = Release|Win32
		{38644AA1-20A2-40E7-AB2F-E276DB531542}.Release|x86.Build.0 = Release|Win32
		{81EB42C2-8315-4864-9534-1A0B567CA586}.Debug|x64.ActiveCfg = Debug|x64
		{81EB42C2-8315-4864-9534-1A0B567CA586}.Debug|x64.Build.0 = Debug|x64
		{81EB42C2-8315-4864-9534-1A0B567CA586}.Debug|x86.ActiveCfg = Debug|Win32
		{81EB42C2-8315-4864-9534-1A0B567CA586}.Debug|x86.Build.0 = Debug|Win32
		{81EB42C2-8315-4864-9534-1A0B567CA586}.Release|x64.ActiveCfg = Release|x64
		{81EB42C2-8315-4864-9534-1A0B567CA586}.Release|x64.Build.0 = Release|x64
		{81EB42C2-8315-4864-9534-1A0B567CA586}.Release|x86.ActiveCfg = Release|Win32
		{81EB42C2-8315-4864-9534-1A0B567CA586}.Release|x86.Build.0 = Release|Win32
		{2586FF21-4D25-4ACC-9968-909D6687DBED}.Debug|x64.ActiveCfg = Debug|x64
		{2586FF21-4D25-4ACC-9968-909D6687DBED}.Debug|x64.Build.0 = Debug|x64
		{2586FF21-4D25-4ACC-9968-909D6687DBED}.Debug|x86.ActiveCfg = Debug|Win32
		{2586FF21-4D25-4ACC-9968-909D6687DBED}.Debug|x86.Build.0 = Debug|Win32
		{2586FF21-4D25-4ACC-9968-909D6687DBED}.Release|x64.ActiveCfg = Release|x64
		{2586FF21-4D25-4ACC-9968-909D6687DBED}.Release|x64.Build.0 = Release|x64
		{2586FF21-4D25-4ACC-9968-909D6687DBED}.Release|x86.ActiveCfg = Release|Win32
		{2586FF21-4D25-4ACC-9968-909D6687DBED}.Release|x86.Build.0 = Release|Win32
		{6F391F47-6D72-462F-AB82-B76091B6DE4C}.Debug|x64.ActiveCfg = Debug|x64
		{6F391F47-6D72-462F-AB82-B76091B6DE4C}.Debug|x64.Build.0 = Debug|x64
		{6F391F47-6D72-462F-AB82-B76091B6DE4C}.Debug|x86.ActiveCfg = Debug|Win32
		{6F391F47-6D72-462F-AB82-B76091B6DE4C}.Debug|x86.Build.0 = Debug|Win32
		{6F391F47-6D72-462F-AB82-B76091B6DE4C}.Release|x64.ActiveCfg = Release|x64
		{6F391F47-6D72-462F-AB82-B76091B6DE4C}.Release|x64.Build.0 = Release|x64
		{6F391F47-6D72-462F-AB82-B76091B6DE4C}.Release|x86.ActiveCfg = Release|Win32
		{6F391F47-6D72-462F-AB82-B76091B6DE4C}.Release|x86.Build.0 = Release|Win32
		{3B7129C5-AB50-47EA-AD70-C5DA145ECBD3}.Debug|x64.ActiveCfg = Debug|x64
		{3B7129C5-AB50-47EA-AD70-C5DA145ECBD3}.Debug|x64.Build.0 = Debug|x64
		{3B7129C5-AB50-47EA-AD70-C5DA145ECBD3}.Debug|x86.ActiveCfg = Debug|Win32
		{3B7129C5-AB50-47EA-AD70-C5DA145ECBD3}.Debug|x86.Build.0 = Debug|Win32
		{3B7129C5-AB50-47EA-AD70-C5DA145ECBD3}.Release|x64.ActiveCfg = Release|x64
		{3B7129C5-AB50-47EA-AD70-C5DA145ECBD3}.Release|x64.Build.0 = Release|x64
		{3B7129C5-AB50-47EA-AD70-C5DA145ECBD3}.Release|x86.ActiveCfg = Release|Win32
		{3B7129C5-AB50-47EA-AD70-C5DA145ECBD3}.Release|x86.Build.0 = Release|Win32
		{E857234F-A317-46EA-BF2F-FA02C04AA3B9}.Debug|x64.ActiveCfg = Debug|x64
		{E857234F-A317-46EA-BF2F-FA02C04AA3B9}.Debug|x64.Build.0 = Debug|x64
		{E857234F-A317-46EA-BF2F-FA02C04AA3B9}.Debug|x86.ActiveCfg = Debug|Win32
		{E857234F-A317-46EA-BF2F-FA02C04AA3B9}.Debug|x86.Build.0 = Debug|Win32
		{E857234F-A317-46EA-BF2F-FA02C04AA3B9}.Release|x64.ActiveCfg = Release|x64
		{E857234F-A317-46EA-BF2F-FA02C04AA3B9}.Release|x64.Build.0 = Release|x64
		{E857234F-A317-46EA-BF2F-FA02C04AA3B9}.Release|x86.ActiveCfg = Release|Win32
		{E857234F-A317-46EA-BF2F-FA02C04AA3B9}.Release|x86.Build.0 = Release|Win32
		{4FFCE95D-3CC3-4801-9F01-2002DBF89841}.Debug|x64.ActiveCfg = Debug|x64
		{4FFCE95D-3CC3-4801-9F01-2002DBF89841}.Debug|x64.Build.0 = Debug|x64
		{4FFCE95D-3CC3-4801-9F01-2002DBF89841}.Debug|x86.ActiveCfg = Debug|Win32
		{4FFCE95D-3CC3-4801-9F01-2002DBF89841}.Debug|x86.Build.0 = Debug|Win32
		{4FFCE95D-3CC3-4801-9F01-2002DBF89841}.Release|x64.ActiveCfg = Release|x64
		{4FFCE95D-3CC3-4801-9F01-2002DBF89841}.Release|x64.Build.0 = Release|x64
		{4FFCE95D-3CC3-4801-9F01-2002DBF89841}.Release|x86.ActiveCfg = Release|Win32
		{4FFCE95D-3CC3-4801-9F01-2002DBF89841}.Release|x86.Build.0 = Release|Win32
		{F8F42A01-3EB8-496B-AF25-1584F7472891}.Debug|x64.ActiveCfg = Debug|x64
		{F8F42A01-3EB8-496B-AF25-1584F7472891}.Debug|x64.Build.0 = Debug|x64
		{F8F42A01-3EB8-496B-AF25-1584F7472891}.Debug|x86.ActiveCfg = Debug|Win32
		{F8F42A01-3EB8-496B-AF25-1584F7472891}.Debug|x86.Build.0 = Debug|Win32
		{F8F42A01-3EB8-496B-AF25-1584F7472891}.Release|x64.ActiveCfg = Release|x64
		{F8F42A01-3EB8-496B-AF25-1584F7472891}.Release|x64.Build.0 = Release|x64
		{F8F42A01-3EB8-496B-AF25-1584F7472891}.Release|x86.ActiveCfg = Release|Win32
		{F8F42A01-3EB8-496B-AF25-1584F7472891}.Release|x86.Build.0 = Release|Win32
		{EBD7B40E-A8FB-4F7D-9E22-DCC47B686C28}.Debug|x64.ActiveCfg = Debug|x64
		{EBD7B40E-A8FB-4F7D-9E22-DCC47B686C28}.Debug|x64.Build.0 = Debug|x64
		{EBD7B40E-A8FB-4F7D-9E22-DCC47B686C28}.Debug|x86.ActiveCfg = Debug|Win32
		{EBD7B40E-A8FB-4F7D-9E22-DCC47B686C28}.Debug|x86.Build.0 = Debug|Win32
		{EBD7B40E-A8FB-4F7D-9E22-DCC47B686C28}.Release|x64.ActiveCfg = Release|x64
		{EBD7B40E-A8FB-4F7D-9E22-DCC47B686C28}.Release|x64.Build.0 = Release|x64
		{EBD7B40E-A8FB-4F7D-9E22-DCC47B686C28}.Release|x86.ActiveCfg = Release|Win32
		{EBD7B40E-A8FB-4F7D-9E22-DCC47B686C28}.Release|x86.Build.0 = Release|Win32
	EndGlobalSection
	GlobalSection(SolutionProperties) = preSolution
		HideSolutionNode = FALSE
	EndGlobalSection
	GlobalSection(ExtensibilityGlobals) = postSolution
		SolutionGuid = {A579D270-16FE-497F-9DAC-09882303E61A}
	EndGlobalSection
EndGlobal
