
Microsoft Visual Studio Solution File, Format Version 12.00
# Visual Studio Version 17
VisualStudioVersion = 17.8.34408.163
MinimumVisualStudioVersion = 10.0.40219.1
Project("{8BC9CEB8-8B4A-11D0-8D11-00A0C91BC942}") = "02", "01\01.vcxproj", "{E61A06F4-4B6B-49BA-A285-B5CFB8C91367}"
EndProject
Project("{8BC9CEB8-8B4A-11D0-8D11-00A0C91BC942}") = "03", "03\03.vcxproj", "{F5B058F5-86C3-4085-AB35-C40993EEDA8F}"
EndProject
Project("{8BC9CEB8-8B4A-11D0-8D11-00A0C91BC942}") = "04", "04\04.vcxproj", "{E8EE8145-4884-4663-951C-81596E2125AF}"
EndProject
Project("{8BC9CEB8-8B4A-11D0-8D11-00A0C91BC942}") = "01Table", "01Table\01Table.vcxproj", "{BFF443D7-0DAE-4B75-92EA-61323C56F90E}"
EndProject
Project("{8BC9CEB8-8B4A-11D0-8D11-00A0C91BC942}") = "01Table2", "01Table2\01Table2.vcxproj", "{8B97B7D5-33E9-445C-9318-0ED38BD034AA}"
EndProject
Project("{8BC9CEB8-8B4A-11D0-8D11-00A0C91BC942}") = "05", "05\05.vcxproj", "{1FB43177-7FFC-42D9-939D-06043BA9F85E}"
EndProject
Project("{8BC9CEB8-8B4A-11D0-8D11-00A0C91BC942}") = "06", "06\06.vcxproj", "{BDBF32BD-CCCE-4708-9F3C-E66F28723906}"
EndProject
Project("{8BC9CEB8-8B4A-11D0-8D11-00A0C91BC942}") = "07", "07\07.vcxproj", "{4B58A7CB-9142-41FC-B9FA-858FFACDD86D}"
EndProject
Project("{8BC9CEB8-8B4A-11D0-8D11-00A0C91BC942}") = "08", "08\08.vcxproj", "{B2CF4887-CCA2-425F-B893-8EC93A563070}"
EndProject
Project("{8BC9CEB8-8B4A-11D0-8D11-00A0C91BC942}") = "09", "09\09.vcxproj", "{8D240462-A4ED-4804-985E-3E3FC96CA09C}"
EndProject
Project("{8BC9CEB8-8B4A-11D0-8D11-00A0C91BC942}") = "10", "10\10.vcxproj", "{0E46B17C-946C-4B97-B066-0A0E1231DC7A}"
EndProject
Global
	GlobalSection(SolutionConfigurationPlatforms) = preSolution
		Debug|x64 = Debug|x64
		Debug|x86 = Debug|x86
		Release|x64 = Release|x64
		Release|x86 = Release|x86
	EndGlobalSection
	GlobalSection(ProjectConfigurationPlatforms) = postSolution
		{E61A06F4-4B6B-49BA-A285-B5CFB8C91367}.Debug|x64.ActiveCfg = Debug|x64
		{E61A06F4-4B6B-49BA-A285-B5CFB8C91367}.Debug|x64.Build.0 = Debug|x64
		{E61A06F4-4B6B-49BA-A285-B5CFB8C91367}.Debug|x86.ActiveCfg = Debug|Win32
		{E61A06F4-4B6B-49BA-A285-B5CFB8C91367}.Debug|x86.Build.0 = Debug|Win32
		{E61A06F4-4B6B-49BA-A285-B5CFB8C91367}.Release|x64.ActiveCfg = Release|x64
		{E61A06F4-4B6B-49BA-A285-B5CFB8C91367}.Release|x64.Build.0 = Release|x64
		{E61A06F4-4B6B-49BA-A285-B5CFB8C91367}.Release|x86.ActiveCfg = Release|Win32
		{E61A06F4-4B6B-49BA-A285-B5CFB8C91367}.Release|x86.Build.0 = Release|Win32
		{F5B058F5-86C3-4085-AB35-C40993EEDA8F}.Debug|x64.ActiveCfg = Debug|x64
		{F5B058F5-86C3-4085-AB35-C40993EEDA8F}.Debug|x64.Build.0 = Debug|x64
		{F5B058F5-86C3-4085-AB35-C40993EEDA8F}.Debug|x86.ActiveCfg = Debug|Win32
		{F5B058F5-86C3-4085-AB35-C40993EEDA8F}.Debug|x86.Build.0 = Debug|Win32
		{F5B058F5-86C3-4085-AB35-C40993EEDA8F}.Release|x64.ActiveCfg = Release|x64
		{F5B058F5-86C3-4085-AB35-C40993EEDA8F}.Release|x64.Build.0 = Release|x64
		{F5B058F5-86C3-4085-AB35-C40993EEDA8F}.Release|x86.ActiveCfg = Release|Win32
		{F5B058F5-86C3-4085-AB35-C40993EEDA8F}.Release|x86.Build.0 = Release|Win32
		{E8EE8145-4884-4663-951C-81596E2125AF}.Debug|x64.ActiveCfg = Debug|x64
		{E8EE8145-4884-4663-951C-81596E2125AF}.Debug|x64.Build.0 = Debug|x64
		{E8EE8145-4884-4663-951C-81596E2125AF}.Debug|x86.ActiveCfg = Debug|Win32
		{E8EE8145-4884-4663-951C-81596E2125AF}.Debug|x86.Build.0 = Debug|Win32
		{E8EE8145-4884-4663-951C-81596E2125AF}.Release|x64.ActiveCfg = Release|x64
		{E8EE8145-4884-4663-951C-81596E2125AF}.Release|x64.Build.0 = Release|x64
		{E8EE8145-4884-4663-951C-81596E2125AF}.Release|x86.ActiveCfg = Release|Win32
		{E8EE8145-4884-4663-951C-81596E2125AF}.Release|x86.Build.0 = Release|Win32
		{BFF443D7-0DAE-4B75-92EA-61323C56F90E}.Debug|x64.ActiveCfg = Debug|x64
		{BFF443D7-0DAE-4B75-92EA-61323C56F90E}.Debug|x64.Build.0 = Debug|x64
		{BFF443D7-0DAE-4B75-92EA-61323C56F90E}.Debug|x86.ActiveCfg = Debug|Win32
		{BFF443D7-0DAE-4B75-92EA-61323C56F90E}.Debug|x86.Build.0 = Debug|Win32
		{BFF443D7-0DAE-4B75-92EA-61323C56F90E}.Release|x64.ActiveCfg = Release|x64
		{BFF443D7-0DAE-4B75-92EA-61323C56F90E}.Release|x64.Build.0 = Release|x64
		{BFF443D7-0DAE-4B75-92EA-61323C56F90E}.Release|x86.ActiveCfg = Release|Win32
		{BFF443D7-0DAE-4B75-92EA-61323C56F90E}.Release|x86.Build.0 = Release|Win32
		{8B97B7D5-33E9-445C-9318-0ED38BD034AA}.Debug|x64.ActiveCfg = Debug|x64
		{8B97B7D5-33E9-445C-9318-0ED38BD034AA}.Debug|x64.Build.0 = Debug|x64
		{8B97B7D5-33E9-445C-9318-0ED38BD034AA}.Debug|x86.ActiveCfg = Debug|Win32
		{8B97B7D5-33E9-445C-9318-0ED38BD034AA}.Debug|x86.Build.0 = Debug|Win32
		{8B97B7D5-33E9-445C-9318-0ED38BD034AA}.Release|x64.ActiveCfg = Release|x64
		{8B97B7D5-33E9-445C-9318-0ED38BD034AA}.Release|x64.Build.0 = Release|x64
		{8B97B7D5-33E9-445C-9318-0ED38BD034AA}.Release|x86.ActiveCfg = Release|Win32
		{8B97B7D5-33E9-445C-9318-0ED38BD034AA}.Release|x86.Build.0 = Release|Win32
		{1FB43177-7FFC-42D9-939D-06043BA9F85E}.Debug|x64.ActiveCfg = Debug|x64
		{1FB43177-7FFC-42D9-939D-06043BA9F85E}.Debug|x64.Build.0 = Debug|x64
		{1FB43177-7FFC-42D9-939D-06043BA9F85E}.Debug|x86.ActiveCfg = Debug|Win32
		{1FB43177-7FFC-42D9-939D-06043BA9F85E}.Debug|x86.Build.0 = Debug|Win32
		{1FB43177-7FFC-42D9-939D-06043BA9F85E}.Release|x64.ActiveCfg = Release|x64
		{1FB43177-7FFC-42D9-939D-06043BA9F85E}.Release|x64.Build.0 = Release|x64
		{1FB43177-7FFC-42D9-939D-06043BA9F85E}.Release|x86.ActiveCfg = Release|Win32
		{1FB43177-7FFC-42D9-939D-06043BA9F85E}.Release|x86.Build.0 = Release|Win32
		{BDBF32BD-CCCE-4708-9F3C-E66F28723906}.Debug|x64.ActiveCfg = Debug|x64
		{BDBF32BD-CCCE-4708-9F3C-E66F28723906}.Debug|x64.Build.0 = Debug|x64
		{BDBF32BD-CCCE-4708-9F3C-E66F28723906}.Debug|x86.ActiveCfg = Debug|Win32
		{BDBF32BD-CCCE-4708-9F3C-E66F28723906}.Debug|x86.Build.0 = Debug|Win32
		{BDBF32BD-CCCE-4708-9F3C-E66F28723906}.Release|x64.ActiveCfg = Release|x64
		{BDBF32BD-CCCE-4708-9F3C-E66F28723906}.Release|x64.Build.0 = Release|x64
		{BDBF32BD-CCCE-4708-9F3C-E66F28723906}.Release|x86.ActiveCfg = Release|Win32
		{BDBF32BD-CCCE-4708-9F3C-E66F28723906}.Release|x86.Build.0 = Release|Win32
		{4B58A7CB-9142-41FC-B9FA-858FFACDD86D}.Debug|x64.ActiveCfg = Debug|x64
		{4B58A7CB-9142-41FC-B9FA-858FFACDD86D}.Debug|x64.Build.0 = Debug|x64
		{4B58A7CB-9142-41FC-B9FA-858FFACDD86D}.Debug|x86.ActiveCfg = Debug|Win32
		{4B58A7CB-9142-41FC-B9FA-858FFACDD86D}.Debug|x86.Build.0 = Debug|Win32
		{4B58A7CB-9142-41FC-B9FA-858FFACDD86D}.Release|x64.ActiveCfg = Release|x64
		{4B58A7CB-9142-41FC-B9FA-858FFACDD86D}.Release|x64.Build.0 = Release|x64
		{4B58A7CB-9142-41FC-B9FA-858FFACDD86D}.Release|x86.ActiveCfg = Release|Win32
		{4B58A7CB-9142-41FC-B9FA-858FFACDD86D}.Release|x86.Build.0 = Release|Win32
		{B2CF4887-CCA2-425F-B893-8EC93A563070}.Debug|x64.ActiveCfg = Debug|x64
		{B2CF4887-CCA2-425F-B893-8EC93A563070}.Debug|x64.Build.0 = Debug|x64
		{B2CF4887-CCA2-425F-B893-8EC93A563070}.Debug|x86.ActiveCfg = Debug|Win32
		{B2CF4887-CCA2-425F-B893-8EC93A563070}.Debug|x86.Build.0 = Debug|Win32
		{B2CF4887-CCA2-425F-B893-8EC93A563070}.Release|x64.ActiveCfg = Release|x64
		{B2CF4887-CCA2-425F-B893-8EC93A563070}.Release|x64.Build.0 = Release|x64
		{B2CF4887-CCA2-425F-B893-8EC93A563070}.Release|x86.ActiveCfg = Release|Win32
		{B2CF4887-CCA2-425F-B893-8EC93A563070}.Release|x86.Build.0 = Release|Win32
		{8D240462-A4ED-4804-985E-3E3FC96CA09C}.Debug|x64.ActiveCfg = Debug|x64
		{8D240462-A4ED-4804-985E-3E3FC96CA09C}.Debug|x64.Build.0 = Debug|x64
		{8D240462-A4ED-4804-985E-3E3FC96CA09C}.Debug|x86.ActiveCfg = Debug|Win32
		{8D240462-A4ED-4804-985E-3E3FC96CA09C}.Debug|x86.Build.0 = Debug|Win32
		{8D240462-A4ED-4804-985E-3E3FC96CA09C}.Release|x64.ActiveCfg = Release|x64
		{8D240462-A4ED-4804-985E-3E3FC96CA09C}.Release|x64.Build.0 = Release|x64
		{8D240462-A4ED-4804-985E-3E3FC96CA09C}.Release|x86.ActiveCfg = Release|Win32
		{8D240462-A4ED-4804-985E-3E3FC96CA09C}.Release|x86.Build.0 = Release|Win32
		{0E46B17C-946C-4B97-B066-0A0E1231DC7A}.Debug|x64.ActiveCfg = Debug|x64
		{0E46B17C-946C-4B97-B066-0A0E1231DC7A}.Debug|x64.Build.0 = Debug|x64
		{0E46B17C-946C-4B97-B066-0A0E1231DC7A}.Debug|x86.ActiveCfg = Debug|Win32
		{0E46B17C-946C-4B97-B066-0A0E1231DC7A}.Debug|x86.Build.0 = Debug|Win32
		{0E46B17C-946C-4B97-B066-0A0E1231DC7A}.Release|x64.ActiveCfg = Release|x64
		{0E46B17C-946C-4B97-B066-0A0E1231DC7A}.Release|x64.Build.0 = Release|x64
		{0E46B17C-946C-4B97-B066-0A0E1231DC7A}.Release|x86.ActiveCfg = Release|Win32
		{0E46B17C-946C-4B97-B066-0A0E1231DC7A}.Release|x86.Build.0 = Release|Win32
	EndGlobalSection
	GlobalSection(SolutionProperties) = preSolution
		HideSolutionNode = FALSE
	EndGlobalSection
	GlobalSection(ExtensibilityGlobals) = postSolution
		SolutionGuid = {41B962DA-CAE5-4BA0-9178-23DE4D49C8F5}
	EndGlobalSection
EndGlobal
