
Microsoft Visual Studio Solution File, Format Version 12.00
# Visual Studio Version 17
VisualStudioVersion = 17.8.34408.163
MinimumVisualStudioVersion = 10.0.40219.1
Project("{8BC9CEB8-8B4A-11D0-8D11-00A0C91BC942}") = "01", "01\01.vcxproj", "{33A8111F-4E64-47D4-B324-DA4B146FE6C0}"
EndProject
Project("{8BC9CEB8-8B4A-11D0-8D11-00A0C91BC942}") = "02", "02\02.vcxproj", "{DE150EA8-D7E2-4B18-A03D-2668C2F18DF2}"
EndProject
Project("{8BC9CEB8-8B4A-11D0-8D11-00A0C91BC942}") = "03a", "03\03.vcxproj", "{7F0A3B46-9548-400E-85C3-D85142DBDA76}"
EndProject
Project("{8BC9CEB8-8B4A-11D0-8D11-00A0C91BC942}") = "03b", "03b\03b.vcxproj", "{08B40EE5-9B6C-4A80-B5B6-2BC70634691C}"
EndProject
Project("{8BC9CEB8-8B4A-11D0-8D11-00A0C91BC942}") = "03v", "03v\03v.vcxproj", "{0A3F12F1-E0C6-4D93-ACC1-89AD970ECFAD}"
EndProject
Project("{8BC9CEB8-8B4A-11D0-8D11-00A0C91BC942}") = "03g", "03g\03g.vcxproj", "{1430128E-DF9B-4ED4-86F8-D49C14168FFD}"
EndProject
Project("{8BC9CEB8-8B4A-11D0-8D11-00A0C91BC942}") = "04", "04\04.vcxproj", "{51482069-64E1-4120-A0E3-ACD1FC61D388}"
EndProject
Project("{8BC9CEB8-8B4A-11D0-8D11-00A0C91BC942}") = "05", "05\05.vcxproj", "{555BD5F0-4807-46D3-A39C-3B857F762623}"
EndProject
Project("{8BC9CEB8-8B4A-11D0-8D11-00A0C91BC942}") = "07", "07\07.vcxproj", "{71F286E1-1301-4489-B01D-8B5AF1B31CB5}"
EndProject
Project("{8BC9CEB8-8B4A-11D0-8D11-00A0C91BC942}") = "06For", "06\06.vcxproj", "{438AA577-EB3B-49C4-B110-506E4B35B112}"
EndProject
Project("{8BC9CEB8-8B4A-11D0-8D11-00A0C91BC942}") = "06While", "06While\06While.vcxproj", "{B7C26990-3F46-4F58-B2F4-5EC44CC46489}"
EndProject
Project("{8BC9CEB8-8B4A-11D0-8D11-00A0C91BC942}") = "06DoWhile", "06DoWhile\06DoWhile.vcxproj", "{04FCD640-9B33-4CA4-A5A5-0D2AC2FAED4D}"
EndProject
Global
	GlobalSection(SolutionConfigurationPlatforms) = preSolution
		Debug|x64 = Debug|x64
		Debug|x86 = Debug|x86
		Release|x64 = Release|x64
		Release|x86 = Release|x86
	EndGlobalSection
	GlobalSection(ProjectConfigurationPlatforms) = postSolution
		{33A8111F-4E64-47D4-B324-DA4B146FE6C0}.Debug|x64.ActiveCfg = Debug|x64
		{33A8111F-4E64-47D4-B324-DA4B146FE6C0}.Debug|x64.Build.0 = Debug|x64
		{33A8111F-4E64-47D4-B324-DA4B146FE6C0}.Debug|x86.ActiveCfg = Debug|Win32
		{33A8111F-4E64-47D4-B324-DA4B146FE6C0}.Debug|x86.Build.0 = Debug|Win32
		{33A8111F-4E64-47D4-B324-DA4B146FE6C0}.Release|x64.ActiveCfg = Release|x64
		{33A8111F-4E64-47D4-B324-DA4B146FE6C0}.Release|x64.Build.0 = Release|x64
		{33A8111F-4E64-47D4-B324-DA4B146FE6C0}.Release|x86.ActiveCfg = Release|Win32
		{33A8111F-4E64-47D4-B324-DA4B146FE6C0}.Release|x86.Build.0 = Release|Win32
		{DE150EA8-D7E2-4B18-A03D-2668C2F18DF2}.Debug|x64.ActiveCfg = Debug|x64
		{DE150EA8-D7E2-4B18-A03D-2668C2F18DF2}.Debug|x64.Build.0 = Debug|x64
		{DE150EA8-D7E2-4B18-A03D-2668C2F18DF2}.Debug|x86.ActiveCfg = Debug|Win32
		{DE150EA8-D7E2-4B18-A03D-2668C2F18DF2}.Debug|x86.Build.0 = Debug|Win32
		{DE150EA8-D7E2-4B18-A03D-2668C2F18DF2}.Release|x64.ActiveCfg = Release|x64
		{DE150EA8-D7E2-4B18-A03D-2668C2F18DF2}.Release|x64.Build.0 = Release|x64
		{DE150EA8-D7E2-4B18-A03D-2668C2F18DF2}.Release|x86.ActiveCfg = Release|Win32
		{DE150EA8-D7E2-4B18-A03D-2668C2F18DF2}.Release|x86.Build.0 = Release|Win32
		{7F0A3B46-9548-400E-85C3-D85142DBDA76}.Debug|x64.ActiveCfg = Debug|x64
		{7F0A3B46-9548-400E-85C3-D85142DBDA76}.Debug|x64.Build.0 = Debug|x64
		{7F0A3B46-9548-400E-85C3-D85142DBDA76}.Debug|x86.ActiveCfg = Debug|Win32
		{7F0A3B46-9548-400E-85C3-D85142DBDA76}.Debug|x86.Build.0 = Debug|Win32
		{7F0A3B46-9548-400E-85C3-D85142DBDA76}.Release|x64.ActiveCfg = Release|x64
		{7F0A3B46-9548-400E-85C3-D85142DBDA76}.Release|x64.Build.0 = Release|x64
		{7F0A3B46-9548-400E-85C3-D85142DBDA76}.Release|x86.ActiveCfg = Release|Win32
		{7F0A3B46-9548-400E-85C3-D85142DBDA76}.Release|x86.Build.0 = Release|Win32
		{08B40EE5-9B6C-4A80-B5B6-2BC70634691C}.Debug|x64.ActiveCfg = Debug|x64
		{08B40EE5-9B6C-4A80-B5B6-2BC70634691C}.Debug|x64.Build.0 = Debug|x64
		{08B40EE5-9B6C-4A80-B5B6-2BC70634691C}.Debug|x86.ActiveCfg = Debug|Win32
		{08B40EE5-9B6C-4A80-B5B6-2BC70634691C}.Debug|x86.Build.0 = Debug|Win32
		{08B40EE5-9B6C-4A80-B5B6-2BC70634691C}.Release|x64.ActiveCfg = Release|x64
		{08B40EE5-9B6C-4A80-B5B6-2BC70634691C}.Release|x64.Build.0 = Release|x64
		{08B40EE5-9B6C-4A80-B5B6-2BC70634691C}.Release|x86.ActiveCfg = Release|Win32
		{08B40EE5-9B6C-4A80-B5B6-2BC70634691C}.Release|x86.Build.0 = Release|Win32
		{0A3F12F1-E0C6-4D93-ACC1-89AD970ECFAD}.Debug|x64.ActiveCfg = Debug|x64
		{0A3F12F1-E0C6-4D93-ACC1-89AD970ECFAD}.Debug|x64.Build.0 = Debug|x64
		{0A3F12F1-E0C6-4D93-ACC1-89AD970ECFAD}.Debug|x86.ActiveCfg = Debug|Win32
		{0A3F12F1-E0C6-4D93-ACC1-89AD970ECFAD}.Debug|x86.Build.0 = Debug|Win32
		{0A3F12F1-E0C6-4D93-ACC1-89AD970ECFAD}.Release|x64.ActiveCfg = Release|x64
		{0A3F12F1-E0C6-4D93-ACC1-89AD970ECFAD}.Release|x64.Build.0 = Release|x64
		{0A3F12F1-E0C6-4D93-ACC1-89AD970ECFAD}.Release|x86.ActiveCfg = Release|Win32
		{0A3F12F1-E0C6-4D93-ACC1-89AD970ECFAD}.Release|x86.Build.0 = Release|Win32
		{1430128E-DF9B-4ED4-86F8-D49C14168FFD}.Debug|x64.ActiveCfg = Debug|x64
		{1430128E-DF9B-4ED4-86F8-D49C14168FFD}.Debug|x64.Build.0 = Debug|x64
		{1430128E-DF9B-4ED4-86F8-D49C14168FFD}.Debug|x86.ActiveCfg = Debug|Win32
		{1430128E-DF9B-4ED4-86F8-D49C14168FFD}.Debug|x86.Build.0 = Debug|Win32
		{1430128E-DF9B-4ED4-86F8-D49C14168FFD}.Release|x64.ActiveCfg = Release|x64
		{1430128E-DF9B-4ED4-86F8-D49C14168FFD}.Release|x64.Build.0 = Release|x64
		{1430128E-DF9B-4ED4-86F8-D49C14168FFD}.Release|x86.ActiveCfg = Release|Win32
		{1430128E-DF9B-4ED4-86F8-D49C14168FFD}.Release|x86.Build.0 = Release|Win32
		{51482069-64E1-4120-A0E3-ACD1FC61D388}.Debug|x64.ActiveCfg = Debug|x64
		{51482069-64E1-4120-A0E3-ACD1FC61D388}.Debug|x64.Build.0 = Debug|x64
		{51482069-64E1-4120-A0E3-ACD1FC61D388}.Debug|x86.ActiveCfg = Debug|Win32
		{51482069-64E1-4120-A0E3-ACD1FC61D388}.Debug|x86.Build.0 = Debug|Win32
		{51482069-64E1-4120-A0E3-ACD1FC61D388}.Release|x64.ActiveCfg = Release|x64
		{51482069-64E1-4120-A0E3-ACD1FC61D388}.Release|x64.Build.0 = Release|x64
		{51482069-64E1-4120-A0E3-ACD1FC61D388}.Release|x86.ActiveCfg = Release|Win32
		{51482069-64E1-4120-A0E3-ACD1FC61D388}.Release|x86.Build.0 = Release|Win32
		{555BD5F0-4807-46D3-A39C-3B857F762623}.Debug|x64.ActiveCfg = Debug|x64
		{555BD5F0-4807-46D3-A39C-3B857F762623}.Debug|x64.Build.0 = Debug|x64
		{555BD5F0-4807-46D3-A39C-3B857F762623}.Debug|x86.ActiveCfg = Debug|Win32
		{555BD5F0-4807-46D3-A39C-3B857F762623}.Debug|x86.Build.0 = Debug|Win32
		{555BD5F0-4807-46D3-A39C-3B857F762623}.Release|x64.ActiveCfg = Release|x64
		{555BD5F0-4807-46D3-A39C-3B857F762623}.Release|x64.Build.0 = Release|x64
		{555BD5F0-4807-46D3-A39C-3B857F762623}.Release|x86.ActiveCfg = Release|Win32
		{555BD5F0-4807-46D3-A39C-3B857F762623}.Release|x86.Build.0 = Release|Win32
		{71F286E1-1301-4489-B01D-8B5AF1B31CB5}.Debug|x64.ActiveCfg = Debug|x64
		{71F286E1-1301-4489-B01D-8B5AF1B31CB5}.Debug|x64.Build.0 = Debug|x64
		{71F286E1-1301-4489-B01D-8B5AF1B31CB5}.Debug|x86.ActiveCfg = Debug|Win32
		{71F286E1-1301-4489-B01D-8B5AF1B31CB5}.Debug|x86.Build.0 = Debug|Win32
		{71F286E1-1301-4489-B01D-8B5AF1B31CB5}.Release|x64.ActiveCfg = Release|x64
		{71F286E1-1301-4489-B01D-8B5AF1B31CB5}.Release|x64.Build.0 = Release|x64
		{71F286E1-1301-4489-B01D-8B5AF1B31CB5}.Release|x86.ActiveCfg = Release|Win32
		{71F286E1-1301-4489-B01D-8B5AF1B31CB5}.Release|x86.Build.0 = Release|Win32
		{438AA577-EB3B-49C4-B110-506E4B35B112}.Debug|x64.ActiveCfg = Debug|x64
		{438AA577-EB3B-49C4-B110-506E4B35B112}.Debug|x64.Build.0 = Debug|x64
		{438AA577-EB3B-49C4-B110-506E4B35B112}.Debug|x86.ActiveCfg = Debug|Win32
		{438AA577-EB3B-49C4-B110-506E4B35B112}.Debug|x86.Build.0 = Debug|Win32
		{438AA577-EB3B-49C4-B110-506E4B35B112}.Release|x64.ActiveCfg = Release|x64
		{438AA577-EB3B-49C4-B110-506E4B35B112}.Release|x64.Build.0 = Release|x64
		{438AA577-EB3B-49C4-B110-506E4B35B112}.Release|x86.ActiveCfg = Release|Win32
		{438AA577-EB3B-49C4-B110-506E4B35B112}.Release|x86.Build.0 = Release|Win32
		{B7C26990-3F46-4F58-B2F4-5EC44CC46489}.Debug|x64.ActiveCfg = Debug|x64
		{B7C26990-3F46-4F58-B2F4-5EC44CC46489}.Debug|x64.Build.0 = Debug|x64
		{B7C26990-3F46-4F58-B2F4-5EC44CC46489}.Debug|x86.ActiveCfg = Debug|Win32
		{B7C26990-3F46-4F58-B2F4-5EC44CC46489}.Debug|x86.Build.0 = Debug|Win32
		{B7C26990-3F46-4F58-B2F4-5EC44CC46489}.Release|x64.ActiveCfg = Release|x64
		{B7C26990-3F46-4F58-B2F4-5EC44CC46489}.Release|x64.Build.0 = Release|x64
		{B7C26990-3F46-4F58-B2F4-5EC44CC46489}.Release|x86.ActiveCfg = Release|Win32
		{B7C26990-3F46-4F58-B2F4-5EC44CC46489}.Release|x86.Build.0 = Release|Win32
		{04FCD640-9B33-4CA4-A5A5-0D2AC2FAED4D}.Debug|x64.ActiveCfg = Debug|x64
		{04FCD640-9B33-4CA4-A5A5-0D2AC2FAED4D}.Debug|x64.Build.0 = Debug|x64
		{04FCD640-9B33-4CA4-A5A5-0D2AC2FAED4D}.Debug|x86.ActiveCfg = Debug|Win32
		{04FCD640-9B33-4CA4-A5A5-0D2AC2FAED4D}.Debug|x86.Build.0 = Debug|Win32
		{04FCD640-9B33-4CA4-A5A5-0D2AC2FAED4D}.Release|x64.ActiveCfg = Release|x64
		{04FCD640-9B33-4CA4-A5A5-0D2AC2FAED4D}.Release|x64.Build.0 = Release|x64
		{04FCD640-9B33-4CA4-A5A5-0D2AC2FAED4D}.Release|x86.ActiveCfg = Release|Win32
		{04FCD640-9B33-4CA4-A5A5-0D2AC2FAED4D}.Release|x86.Build.0 = Release|Win32
	EndGlobalSection
	GlobalSection(SolutionProperties) = preSolution
		HideSolutionNode = FALSE
	EndGlobalSection
	GlobalSection(ExtensibilityGlobals) = postSolution
		SolutionGuid = {B2ECCF89-757D-4E25-A8D9-E74889045849}
	EndGlobalSection
EndGlobal
